
Microsoft Visual Studio Solution File, Format Version 12.00
# Visual Studio Version 17
VisualStudioVersion = 17.11.35222.181
MinimumVisualStudioVersion = 10.0.40219.1
Project("{FAE04EC0-301F-11D3-BF4B-00C04F79EFBC}") = "BTL_WEB2", "BTL_WEB2\BTL_WEB2.csproj", "{37C72EA5-41B1-4478-9E20-24F01BB2EF3C}"
EndProject
Global
	GlobalSection(SolutionConfigurationPlatforms) = preSolution
		Debug|Any CPU = Debug|Any CPU
		Release|Any CPU = Release|Any CPU
	EndGlobalSection
	GlobalSection(ProjectConfigurationPlatforms) = postSolution
		{37C72EA5-41B1-4478-9E20-24F01BB2EF3C}.Debug|Any CPU.ActiveCfg = Debug|Any CPU
		{37C72EA5-41B1-4478-9E20-24F01BB2EF3C}.Debug|Any CPU.Build.0 = Debug|Any CPU
		{37C72EA5-41B1-4478-9E20-24F01BB2EF3C}.Release|Any CPU.ActiveCfg = Release|Any CPU
		{37C72EA5-41B1-4478-9E20-24F01BB2EF3C}.Release|Any CPU.Build.0 = Release|Any CPU
	EndGlobalSection
	GlobalSection(SolutionProperties) = preSolution
		HideSolutionNode = FALSE
	EndGlobalSection
	GlobalSection(ExtensibilityGlobals) = postSolution
		SolutionGuid = {74E9FEEB-8B9C-4929-92A4-998CCEC09353}
	EndGlobalSection
EndGlobal
